
Microsoft Visual Studio Solution File, Format Version 12.00
# Visual Studio 15
VisualStudioVersion = 15.0.28307.539
MinimumVisualStudioVersion = 10.0.40219.1
Project("{FAE04EC0-301F-11D3-BF4B-00C04F79EFBC}") = "BestFurnitureDeals2.0", "BestFurnitureDeals2.0\BestFurnitureDeals2.0.csproj", "{59EE7BCA-6E5A-40C0-99BA-BA089B4398D6}"
EndProject
Global
	GlobalSection(SolutionConfigurationPlatforms) = preSolution
		Debug|Any CPU = Debug|Any CPU
		Release|Any CPU = Release|Any CPU
	EndGlobalSection
	GlobalSection(ProjectConfigurationPlatforms) = postSolution
		{59EE7BCA-6E5A-40C0-99BA-BA089B4398D6}.Debug|Any CPU.ActiveCfg = Debug|Any CPU
		{59EE7BCA-6E5A-40C0-99BA-BA089B4398D6}.Debug|Any CPU.Build.0 = Debug|Any CPU
		{59EE7BCA-6E5A-40C0-99BA-BA089B4398D6}.Release|Any CPU.ActiveCfg = Release|Any CPU
		{59EE7BCA-6E5A-40C0-99BA-BA089B4398D6}.Release|Any CPU.Build.0 = Release|Any CPU
	EndGlobalSection
	GlobalSection(SolutionProperties) = preSolution
		HideSolutionNode = FALSE
	EndGlobalSection
	GlobalSection(ExtensibilityGlobals) = postSolution
		SolutionGuid = {B0BA4D8E-797D-43C1-9B8A-30AC727540D3}
	EndGlobalSection
EndGlobal
